
Microsoft Visual Studio Solution File, Format Version 12.00
# Visual Studio Version 17
VisualStudioVersion = 17.3.32819.101
MinimumVisualStudioVersion = 10.0.40219.1
Project("{9A19103F-16F7-4668-BE54-9A1E7A4F7556}") = "PlexShare", "PlexShare\PlexShare.csproj", "{32A994BC-904B-4569-8E5A-7236350CFCA8}"
EndProject
Project("{FAE04EC0-301F-11D3-BF4B-00C04F79EFBC}") = "ViewModel", "ViewModel\ViewModel.csproj", "{D26B05CE-B43A-4E64-A485-B11AA2EF79B2}"
EndProject
Project("{FAE04EC0-301F-11D3-BF4B-00C04F79EFBC}") = "ScreenShare", "ScreenShare\ScreenShare.csproj", "{787EA1D5-749B-4EB0-962C-63F299FE1864}"
EndProject
Global
	GlobalSection(SolutionConfigurationPlatforms) = preSolution
		Debug|Any CPU = Debug|Any CPU
		Release|Any CPU = Release|Any CPU
	EndGlobalSection
	GlobalSection(ProjectConfigurationPlatforms) = postSolution
		{32A994BC-904B-4569-8E5A-7236350CFCA8}.Debug|Any CPU.ActiveCfg = Debug|Any CPU
		{32A994BC-904B-4569-8E5A-7236350CFCA8}.Debug|Any CPU.Build.0 = Debug|Any CPU
		{32A994BC-904B-4569-8E5A-7236350CFCA8}.Release|Any CPU.ActiveCfg = Release|Any CPU
		{32A994BC-904B-4569-8E5A-7236350CFCA8}.Release|Any CPU.Build.0 = Release|Any CPU
		{D26B05CE-B43A-4E64-A485-B11AA2EF79B2}.Debug|Any CPU.ActiveCfg = Debug|Any CPU
		{D26B05CE-B43A-4E64-A485-B11AA2EF79B2}.Debug|Any CPU.Build.0 = Debug|Any CPU
		{D26B05CE-B43A-4E64-A485-B11AA2EF79B2}.Release|Any CPU.ActiveCfg = Release|Any CPU
		{D26B05CE-B43A-4E64-A485-B11AA2EF79B2}.Release|Any CPU.Build.0 = Release|Any CPU
		{787EA1D5-749B-4EB0-962C-63F299FE1864}.Debug|Any CPU.ActiveCfg = Debug|Any CPU
		{787EA1D5-749B-4EB0-962C-63F299FE1864}.Debug|Any CPU.Build.0 = Debug|Any CPU
		{787EA1D5-749B-4EB0-962C-63F299FE1864}.Release|Any CPU.ActiveCfg = Release|Any CPU
		{787EA1D5-749B-4EB0-962C-63F299FE1864}.Release|Any CPU.Build.0 = Release|Any CPU
	EndGlobalSection
	GlobalSection(SolutionProperties) = preSolution
		HideSolutionNode = FALSE
	EndGlobalSection
	GlobalSection(ExtensibilityGlobals) = postSolution
		SolutionGuid = {ACD8E259-A2FE-4903-A5C4-A29386DC2A54}
	EndGlobalSection
EndGlobal
